dependencies:
- name: acapy
  repository: https://openwallet-foundation.github.io/helm-charts/
  version: 1.0.0
- name: mongodb
  repository: oci://registry-1.docker.io/cloudpirates
  version: 0.10.3
- name: common
  repository: https://charts.bitnami.com/bitnami
  version: 2.36.0
digest: sha256:f7795ca2c641fa9afebb5b7fefdeaf2968c11ff2c7e62a97a6df7bdf09e65685
generated: "2026-03-24T11:51:22.414072-07:00"
