dependencies:
- name: acapy
  repository: https://openwallet-foundation.github.io/helm-charts/
  version: 0.2.3
- name: mongodb
  repository: oci://registry-1.docker.io/cloudpirates
  version: 0.10.3
- name: common
  repository: https://charts.bitnami.com/bitnami
  version: 2.31.4
digest: sha256:358e6d6f914974283e98d8852540f259f21951823668bb51c60fe7f98fb5ab31
generated: "2026-02-03T10:12:23.333919-08:00"
