dependencies:
- name: postgres
  repository: oci://registry-1.docker.io/cloudpirates
  version: 0.15.5
- name: common
  repository: https://charts.bitnami.com/bitnami/
  version: 2.31.3
digest: sha256:e1440c7af4f656dc5091e2a9beafdc4ad9483c740830fa5315f1544efb6c7334
generated: "2026-02-06T09:45:40.749964-08:00"
